
Microsoft Visual Studio Solution File, Format Version 12.00
# Visual Studio Version 16
VisualStudioVersion = 16.0.30011.22
MinimumVisualStudioVersion = 10.0.40219.1
Project("{FAE04EC0-301F-11D3-BF4B-00C04F79EFBC}") = "lab_3", "lab_3\lab_3.csproj", "{EBE9FFC6-6013-45FB-BD2E-DB7C2F4BB0AA}"
EndProject
Project("{FAE04EC0-301F-11D3-BF4B-00C04F79EFBC}") = "lab_3.Test", "lab_3.Test\lab_3.Test.csproj", "{D0A25CCC-8084-4D7F-861D-CD857B5F078A}"
EndProject
Global
	GlobalSection(SolutionConfigurationPlatforms) = preSolution
		Debug|Any CPU = Debug|Any CPU
		Release|Any CPU = Release|Any CPU
	EndGlobalSection
	GlobalSection(ProjectConfigurationPlatforms) = postSolution
		{EBE9FFC6-6013-45FB-BD2E-DB7C2F4BB0AA}.Debug|Any CPU.ActiveCfg = Debug|Any CPU
		{EBE9FFC6-6013-45FB-BD2E-DB7C2F4BB0AA}.Debug|Any CPU.Build.0 = Debug|Any CPU
		{EBE9FFC6-6013-45FB-BD2E-DB7C2F4BB0AA}.Release|Any CPU.ActiveCfg = Release|Any CPU
		{EBE9FFC6-6013-45FB-BD2E-DB7C2F4BB0AA}.Release|Any CPU.Build.0 = Release|Any CPU
		{D0A25CCC-8084-4D7F-861D-CD857B5F078A}.Debug|Any CPU.ActiveCfg = Debug|Any CPU
		{D0A25CCC-8084-4D7F-861D-CD857B5F078A}.Debug|Any CPU.Build.0 = Debug|Any CPU
		{D0A25CCC-8084-4D7F-861D-CD857B5F078A}.Release|Any CPU.ActiveCfg = Release|Any CPU
		{D0A25CCC-8084-4D7F-861D-CD857B5F078A}.Release|Any CPU.Build.0 = Release|Any CPU
	EndGlobalSection
	GlobalSection(SolutionProperties) = preSolution
		HideSolutionNode = FALSE
	EndGlobalSection
	GlobalSection(ExtensibilityGlobals) = postSolution
		SolutionGuid = {D082A0A7-CD68-4833-97E6-2C3310BC4CEF}
	EndGlobalSection
EndGlobal
